
Microsoft Visual Studio Solution File, Format Version 12.00
# Visual Studio Version 16
VisualStudioVersion = 16.0.32002.261
MinimumVisualStudioVersion = 10.0.40219.1
Project("{FAE04EC0-301F-11D3-BF4B-00C04F79EFBC}") = "Space.View", "Space.View\Space.View.csproj", "{077318B4-8081-4175-AE85-3E521B3BAD13}"
EndProject
Project("{FAE04EC0-301F-11D3-BF4B-00C04F79EFBC}") = "Space.Model", "Space.Model\Space.Model.csproj", "{318A2B53-FB5D-4DA6-8334-7B922131CF6D}"
EndProject
Project("{FAE04EC0-301F-11D3-BF4B-00C04F79EFBC}") = "Space.ViewModel", "Space.ViewModel\Space.ViewModel.csproj", "{CCE5375D-DD21-42A3-82A4-9A7F077D459D}"
EndProject
Project("{FAE04EC0-301F-11D3-BF4B-00C04F79EFBC}") = "Space.Helpers", "Space.Helpers\Space.Helpers.csproj", "{734F7727-6684-427D-B3DD-969D13315241}"
EndProject
Project("{FAE04EC0-301F-11D3-BF4B-00C04F79EFBC}") = "Space.Infrastructure", "Space.Infrastructure\Space.Infrastructure.csproj", "{192A7A85-0455-456B-8808-AEB0823D8A67}"
EndProject
Global
	GlobalSection(SolutionConfigurationPlatforms) = preSolution
		Debug|Any CPU = Debug|Any CPU
		Debug|ARM = Debug|ARM
		Debug|ARM64 = Debug|ARM64
		Debug|x64 = Debug|x64
		Debug|x86 = Debug|x86
		Release|Any CPU = Release|Any CPU
		Release|ARM = Release|ARM
		Release|ARM64 = Release|ARM64
		Release|x64 = Release|x64
		Release|x86 = Release|x86
	EndGlobalSection
	GlobalSection(ProjectConfigurationPlatforms) = postSolution
		{077318B4-8081-4175-AE85-3E521B3BAD13}.Debug|Any CPU.ActiveCfg = Debug|Any CPU
		{077318B4-8081-4175-AE85-3E521B3BAD13}.Debug|Any CPU.Build.0 = Debug|Any CPU
		{077318B4-8081-4175-AE85-3E521B3BAD13}.Debug|ARM.ActiveCfg = Debug|Any CPU
		{077318B4-8081-4175-AE85-3E521B3BAD13}.Debug|ARM.Build.0 = Debug|Any CPU
		{077318B4-8081-4175-AE85-3E521B3BAD13}.Debug|ARM64.ActiveCfg = Debug|Any CPU
		{077318B4-8081-4175-AE85-3E521B3BAD13}.Debug|ARM64.Build.0 = Debug|Any CPU
		{077318B4-8081-4175-AE85-3E521B3BAD13}.Debug|x64.ActiveCfg = Debug|Any CPU
		{077318B4-8081-4175-AE85-3E521B3BAD13}.Debug|x64.Build.0 = Debug|Any CPU
		{077318B4-8081-4175-AE85-3E521B3BAD13}.Debug|x86.ActiveCfg = Debug|Any CPU
		{077318B4-8081-4175-AE85-3E521B3BAD13}.Debug|x86.Build.0 = Debug|Any CPU
		{077318B4-8081-4175-AE85-3E521B3BAD13}.Release|Any CPU.ActiveCfg = Release|Any CPU
		{077318B4-8081-4175-AE85-3E521B3BAD13}.Release|Any CPU.Build.0 = Release|Any CPU
		{077318B4-8081-4175-AE85-3E521B3BAD13}.Release|ARM.ActiveCfg = Release|Any CPU
		{077318B4-8081-4175-AE85-3E521B3BAD13}.Release|ARM.Build.0 = Release|Any CPU
		{077318B4-8081-4175-AE85-3E521B3BAD13}.Release|ARM64.ActiveCfg = Release|Any CPU
		{077318B4-8081-4175-AE85-3E521B3BAD13}.Release|ARM64.Build.0 = Release|Any CPU
		{077318B4-8081-4175-AE85-3E521B3BAD13}.Release|x64.ActiveCfg = Release|Any CPU
		{077318B4-8081-4175-AE85-3E521B3BAD13}.Release|x64.Build.0 = Release|Any CPU
		{077318B4-8081-4175-AE85-3E521B3BAD13}.Release|x86.ActiveCfg = Release|Any CPU
		{077318B4-8081-4175-AE85-3E521B3BAD13}.Release|x86.Build.0 = Release|Any CPU
		{318A2B53-FB5D-4DA6-8334-7B922131CF6D}.Debug|Any CPU.ActiveCfg = Debug|Any CPU
		{318A2B53-FB5D-4DA6-8334-7B922131CF6D}.Debug|Any CPU.Build.0 = Debug|Any CPU
		{318A2B53-FB5D-4DA6-8334-7B922131CF6D}.Debug|ARM.ActiveCfg = Debug|Any CPU
		{318A2B53-FB5D-4DA6-8334-7B922131CF6D}.Debug|ARM.Build.0 = Debug|Any CPU
		{318A2B53-FB5D-4DA6-8334-7B922131CF6D}.Debug|ARM64.ActiveCfg = Debug|Any CPU
		{318A2B53-FB5D-4DA6-8334-7B922131CF6D}.Debug|ARM64.Build.0 = Debug|Any CPU
		{318A2B53-FB5D-4DA6-8334-7B922131CF6D}.Debug|x64.ActiveCfg = Debug|Any CPU
		{318A2B53-FB5D-4DA6-8334-7B922131CF6D}.Debug|x64.Build.0 = Debug|Any CPU
		{318A2B53-FB5D-4DA6-8334-7B922131CF6D}.Debug|x86.ActiveCfg = Debug|Any CPU
		{318A2B53-FB5D-4DA6-8334-7B922131CF6D}.Debug|x86.Build.0 = Debug|Any CPU
		{318A2B53-FB5D-4DA6-8334-7B922131CF6D}.Release|Any CPU.ActiveCfg = Release|Any CPU
		{318A2B53-FB5D-4DA6-8334-7B922131CF6D}.Release|Any CPU.Build.0 = Release|Any CPU
		{318A2B53-FB5D-4DA6-8334-7B922131CF6D}.Release|ARM.ActiveCfg = Release|Any CPU
		{318A2B53-FB5D-4DA6-8334-7B922131CF6D}.Release|ARM.Build.0 = Release|Any CPU
		{318A2B53-FB5D-4DA6-8334-7B922131CF6D}.Release|ARM64.ActiveCfg = Release|Any CPU
		{318A2B53-FB5D-4DA6-8334-7B922131CF6D}.Release|ARM64.Build.0 = Release|Any CPU
		{318A2B53-FB5D-4DA6-8334-7B922131CF6D}.Release|x64.ActiveCfg = Release|Any CPU
		{318A2B53-FB5D-4DA6-8334-7B922131CF6D}.Release|x64.Build.0 = Release|Any CPU
		{318A2B53-FB5D-4DA6-8334-7B922131CF6D}.Release|x86.ActiveCfg = Release|Any CPU
		{318A2B53-FB5D-4DA6-8334-7B922131CF6D}.Release|x86.Build.0 = Release|Any CPU
		{CCE5375D-DD21-42A3-82A4-9A7F077D459D}.Debug|Any CPU.ActiveCfg = Debug|Any CPU
		{CCE5375D-DD21-42A3-82A4-9A7F077D459D}.Debug|Any CPU.Build.0 = Debug|Any CPU
		{CCE5375D-DD21-42A3-82A4-9A7F077D459D}.Debug|ARM.ActiveCfg = Debug|Any CPU
		{CCE5375D-DD21-42A3-82A4-9A7F077D459D}.Debug|ARM.Build.0 = Debug|Any CPU
		{CCE5375D-DD21-42A3-82A4-9A7F077D459D}.Debug|ARM64.ActiveCfg = Debug|Any CPU
		{CCE5375D-DD21-42A3-82A4-9A7F077D459D}.Debug|ARM64.Build.0 = Debug|Any CPU
		{CCE5375D-DD21-42A3-82A4-9A7F077D459D}.Debug|x64.ActiveCfg = Debug|Any CPU
		{CCE5375D-DD21-42A3-82A4-9A7F077D459D}.Debug|x64.Build.0 = Debug|Any CPU
		{CCE5375D-DD21-42A3-82A4-9A7F077D459D}.Debug|x86.ActiveCfg = Debug|Any CPU
		{CCE5375D-DD21-42A3-82A4-9A7F077D459D}.Debug|x86.Build.0 = Debug|Any CPU
		{CCE5375D-DD21-42A3-82A4-9A7F077D459D}.Release|Any CPU.ActiveCfg = Release|Any CPU
		{CCE5375D-DD21-42A3-82A4-9A7F077D459D}.Release|Any CPU.Build.0 = Release|Any CPU
		{CCE5375D-DD21-42A3-82A4-9A7F077D459D}.Release|ARM.ActiveCfg = Release|Any CPU
		{CCE5375D-DD21-42A3-82A4-9A7F077D459D}.Release|ARM.Build.0 = Release|Any CPU
		{CCE5375D-DD21-42A3-82A4-9A7F077D459D}.Release|ARM64.ActiveCfg = Release|Any CPU
		{CCE5375D-DD21-42A3-82A4-9A7F077D459D}.Release|ARM64.Build.0 = Release|Any CPU
		{CCE5375D-DD21-42A3-82A4-9A7F077D459D}.Release|x64.ActiveCfg = Release|Any CPU
		{CCE5375D-DD21-42A3-82A4-9A7F077D459D}.Release|x64.Build.0 = Release|Any CPU
		{CCE5375D-DD21-42A3-82A4-9A7F077D459D}.Release|x86.ActiveCfg = Release|Any CPU
		{CCE5375D-DD21-42A3-82A4-9A7F077D459D}.Release|x86.Build.0 = Release|Any CPU
		{734F7727-6684-427D-B3DD-969D13315241}.Debug|Any CPU.ActiveCfg = Debug|Any CPU
		{734F7727-6684-427D-B3DD-969D13315241}.Debug|Any CPU.Build.0 = Debug|Any CPU
		{734F7727-6684-427D-B3DD-969D13315241}.Debug|ARM.ActiveCfg = Debug|Any CPU
		{734F7727-6684-427D-B3DD-969D13315241}.Debug|ARM.Build.0 = Debug|Any CPU
		{734F7727-6684-427D-B3DD-969D13315241}.Debug|ARM64.ActiveCfg = Debug|Any CPU
		{734F7727-6684-427D-B3DD-969D13315241}.Debug|ARM64.Build.0 = Debug|Any CPU
		{734F7727-6684-427D-B3DD-969D13315241}.Debug|x64.ActiveCfg = Debug|Any CPU
		{734F7727-6684-427D-B3DD-969D13315241}.Debug|x64.Build.0 = Debug|Any CPU
		{734F7727-6684-427D-B3DD-969D13315241}.Debug|x86.ActiveCfg = Debug|Any CPU
		{734F7727-6684-427D-B3DD-969D13315241}.Debug|x86.Build.0 = Debug|Any CPU
		{734F7727-6684-427D-B3DD-969D13315241}.Release|Any CPU.ActiveCfg = Release|Any CPU
		{734F7727-6684-427D-B3DD-969D13315241}.Release|Any CPU.Build.0 = Release|Any CPU
		{734F7727-6684-427D-B3DD-969D13315241}.Release|ARM.ActiveCfg = Release|Any CPU
		{734F7727-6684-427D-B3DD-969D13315241}.Release|ARM.Build.0 = Release|Any CPU
		{734F7727-6684-427D-B3DD-969D13315241}.Release|ARM64.ActiveCfg = Release|Any CPU
		{734F7727-6684-427D-B3DD-969D13315241}.Release|ARM64.Build.0 = Release|Any CPU
		{734F7727-6684-427D-B3DD-969D13315241}.Release|x64.ActiveCfg = Release|Any CPU
		{734F7727-6684-427D-B3DD-969D13315241}.Release|x64.Build.0 = Release|Any CPU
		{734F7727-6684-427D-B3DD-969D13315241}.Release|x86.ActiveCfg = Release|Any CPU
		{734F7727-6684-427D-B3DD-969D13315241}.Release|x86.Build.0 = Release|Any CPU
		{192A7A85-0455-456B-8808-AEB0823D8A67}.Debug|Any CPU.ActiveCfg = Debug|Any CPU
		{192A7A85-0455-456B-8808-AEB0823D8A67}.Debug|Any CPU.Build.0 = Debug|Any CPU
		{192A7A85-0455-456B-8808-AEB0823D8A67}.Debug|ARM.ActiveCfg = Debug|Any CPU
		{192A7A85-0455-456B-8808-AEB0823D8A67}.Debug|ARM.Build.0 = Debug|Any CPU
		{192A7A85-0455-456B-8808-AEB0823D8A67}.Debug|ARM64.ActiveCfg = Debug|Any CPU
		{192A7A85-0455-456B-8808-AEB0823D8A67}.Debug|ARM64.Build.0 = Debug|Any CPU
		{192A7A85-0455-456B-8808-AEB0823D8A67}.Debug|x64.ActiveCfg = Debug|Any CPU
		{192A7A85-0455-456B-8808-AEB0823D8A67}.Debug|x64.Build.0 = Debug|Any CPU
		{192A7A85-0455-456B-8808-AEB0823D8A67}.Debug|x86.ActiveCfg = Debug|Any CPU
		{192A7A85-0455-456B-8808-AEB0823D8A67}.Debug|x86.Build.0 = Debug|Any CPU
		{192A7A85-0455-456B-8808-AEB0823D8A67}.Release|Any CPU.ActiveCfg = Release|Any CPU
		{192A7A85-0455-456B-8808-AEB0823D8A67}.Release|Any CPU.Build.0 = Release|Any CPU
		{192A7A85-0455-456B-8808-AEB0823D8A67}.Release|ARM.ActiveCfg = Release|Any CPU
		{192A7A85-0455-456B-8808-AEB0823D8A67}.Release|ARM.Build.0 = Release|Any CPU
		{192A7A85-0455-456B-8808-AEB0823D8A67}.Release|ARM64.ActiveCfg = Release|Any CPU
		{192A7A85-0455-456B-8808-AEB0823D8A67}.Release|ARM64.Build.0 = Release|Any CPU
		{192A7A85-0455-456B-8808-AEB0823D8A67}.Release|x64.ActiveCfg = Release|Any CPU
		{192A7A85-0455-456B-8808-AEB0823D8A67}.Release|x64.Build.0 = Release|Any CPU
		{192A7A85-0455-456B-8808-AEB0823D8A67}.Release|x86.ActiveCfg = Release|Any CPU
		{192A7A85-0455-456B-8808-AEB0823D8A67}.Release|x86.Build.0 = Release|Any CPU
	EndGlobalSection
	GlobalSection(SolutionProperties) = preSolution
		HideSolutionNode = FALSE
	EndGlobalSection
	GlobalSection(ExtensibilityGlobals) = postSolution
		SolutionGuid = {942B9BF8-5868-4332-A1C7-0FA0AABD279C}
	EndGlobalSection
EndGlobal
